// !$*UTF8*$!
{
	archiveVersion = 1;
	classes = {
	};
	objectVersion = 46;
	objects = {

/* Begin PBXBuildFile section */
		60383AD91D50569C006B52CB /* main.m in Sources */ = {isa = PBXBuildFile; fileRef = 60383AD81D50569C006B52CB /* main.m */; };
		60383ADC1D50569C006B52CB /* AppDelegate.m in Sources */ = {isa = PBXBuildFile; fileRef = 60383ADB1D50569C006B52CB /* AppDelegate.m */; };
		60383ADF1D50569C006B52CB /* ViewController.m in Sources */ = {isa = PBXBuildFile; fileRef = 60383ADE1D50569C006B52CB /* ViewController.m */; };
		60383AE21D50569C006B52CB /* Main.storyboard in Resources */ = {isa = PBXBuildFile; fileRef = 60383AE01D50569C006B52CB /* Main.storyboard */; };
		60383AE41D50569C006B52CB /* Assets.xcassets in Resources */ = {isa = PBXBuildFile; fileRef = 60383AE31D50569C006B52CB /* Assets.xcassets */; };
		60383AE71D50569C006B52CB /* LaunchScreen.storyboard in Resources */ = {isa = PBXBuildFile; fileRef = 60383AE51D50569C006B52CB /* LaunchScreen.storyboard */; };
		60383AF21D50569C006B52CB /* inAppPurchaseTests.m in Sources */ = {isa = PBXBuildFile; fileRef = 60383AF11D50569C006B52CB /* inAppPurchaseTests.m */; };
		60383AFD1D50569C006B52CB /* inAppPurchaseUITests.m in Sources */ = {isa = PBXBuildFile; fileRef = 60383AFC1D50569C006B52CB /* inAppPurchaseUITests.m */; };
/* End PBXBuildFile section */

/* Begin PBXContainerItemProxy section */
		60383AEE1D50569C006B52CB /* PBXContainerItemProxy */ = {
			isa = PBXContainerItemProxy;
			containerPortal = 60383ACC1D50569C006B52CB /* Project object */;
			proxyType = 1;
			remoteGlobalIDString = 60383AD31D50569C006B52CB;
			remoteInfo = inAppPurchase;
		};
		60383AF91D50569C006B52CB /* PBXContainerItemProxy */ = {
			isa = PBXContainerItemProxy;
			containerPortal = 60383ACC1D50569C006B52CB /* Project object */;
			proxyType = 1;
			remoteGlobalIDString = 60383AD31D50569C006B52CB;
			remoteInfo = inAppPurchase;
		};
/* End PBXContainerItemProxy section */

/* Begin PBXFileReference section */
		60383AD41D50569C006B52CB /* inAppPurchase.app */ = {isa = PBXFileReference; explicitFileType = wrapper.application; includeInIndex = 0; path = inAppPurchase.app; sourceTree = BUILT_PRODUCTS_DIR; };
		60383AD81D50569C006B52CB /* main.m */ = {isa = PBXFileReference; lastKnownFileType = sourcecode.c.objc; path = main.m; sourceTree = "<group>"; };
		60383ADA1D50569C006B52CB /* AppDelegate.h */ = {isa = PBXFileReference; lastKnownFileType = sourcecode.c.h; path = AppDelegate.h; sourceTree = "<group>"; };
		60383ADB1D50569C006B52CB /* AppDelegate.m */ = {isa = PBXFileReference; lastKnownFileType = sourcecode.c.objc; path = AppDelegate.m; sourceTree = "<group>"; };
		60383ADD1D50569C006B52CB /* ViewController.h */ = {isa = PBXFileReference; lastKnownFileType = sourcecode.c.h; path = ViewController.h; sourceTree = "<group>"; };
		60383ADE1D50569C006B52CB /* ViewController.m */ = {isa = PBXFileReference; lastKnownFileType = sourcecode.c.objc; path = ViewController.m; sourceTree = "<group>"; };
		60383AE11D50569C006B52CB /* Base */ = {isa = PBXFileReference; lastKnownFileType = file.storyboard; name = Base; path = Base.lproj/Main.storyboard; sourceTree = "<group>"; };
		60383AE31D50569C006B52CB /* Assets.xcassets */ = {isa = PBXFileReference; lastKnownFileType = folder.assetcatalog; path = Assets.xcassets; sourceTree = "<group>"; };
		60383AE61D50569C006B52CB /* Base */ = {isa = PBXFileReference; lastKnownFileType = file.storyboard; name = Base; path = Base.lproj/LaunchScreen.storyboard; sourceTree = "<group>"; };
		60383AE81D50569C006B52CB /* Info.plist */ = {isa = PBXFileReference; lastKnownFileType = text.plist.xml; path = Info.plist; sourceTree = "<group>"; };
		60383AED1D50569C006B52CB /* inAppPurchaseTests.xctest */ = {isa = PBXFileReference; explicitFileType = wrapper.cfbundle; includeInIndex = 0; path = inAppPurchaseTests.xctest; sourceTree = BUILT_PRODUCTS_DIR; };
		60383AF11D50569C006B52CB /* inAppPurchaseTests.m */ = {isa = PBXFileReference; lastKnownFileType = sourcecode.c.objc; path = inAppPurchaseTests.m; sourceTree = "<group>"; };
		60383AF31D50569C006B52CB /* Info.plist */ = {isa = PBXFileReference; lastKnownFileType = text.plist.xml; path = Info.plist; sourceTree = "<group>"; };
		60383AF81D50569C006B52CB /* inAppPurchaseUITests.xctest */ = {isa = PBXFileReference; explicitFileType = wrapper.cfbundle; includeInIndex = 0; path = inAppPurchaseUITests.xctest; sourceTree = BUILT_PRODUCTS_DIR; };
		60383AFC1D50569C006B52CB /* inAppPurchaseUITests.m */ = {isa = PBXFileReference; lastKnownFileType = sourcecode.c.objc; path = inAppPurchaseUITests.m; sourceTree = "<group>"; };
		60383AFE1D50569C006B52CB /* Info.plist */ = {isa = PBXFileReference; lastKnownFileType = text.plist.xml; path = Info.plist; sourceTree = "<group>"; };
/* End PBXFileReference section */

/* Begin PBXFrameworksBuildPhase section */
		60383AD11D50569C006B52CB /* Frameworks */ = {
			isa = PBXFrameworksBuildPhase;
			buildActionMask = 2147483647;
			files = (
			);
			runOnlyForDeploymentPostprocessing = 0;
		};
		60383AEA1D50569C006B52CB /* Frameworks */ = {
			isa = PBXFrameworksBuildPhase;
			buildActionMask = 2147483647;
			files = (
			);
			runOnlyForDeploymentPostprocessing = 0;
		};
		60383AF51D50569C006B52CB /* Frameworks */ = {
			isa = PBXFrameworksBuildPhase;
			buildActionMask = 2147483647;
			files = (
			);
			runOnlyForDeploymentPostprocessing = 0;
		};
/* End PBXFrameworksBuildPhase section */

/* Begin PBXGroup section */
		60383ACB1D50569C006B52CB = {
			isa = PBXGroup;
			children = (
				60383AD61D50569C006B52CB /* inAppPurchase */,
				60383AF01D50569C006B52CB /* inAppPurchaseTests */,
				60383AFB1D50569C006B52CB /* inAppPurchaseUITests */,
				60383AD51D50569C006B52CB /* Products */,
			);
			sourceTree = "<group>";
		};
		60383AD51D50569C006B52CB /* Products */ = {
			isa = PBXGroup;
			children = (
				60383AD41D50569C006B52CB /* inAppPurchase.app */,
				60383AED1D50569C006B52CB /* inAppPurchaseTests.xctest */,
				60383AF81D50569C006B52CB /* inAppPurchaseUITests.xctest */,
			);
			name = Products;
			sourceTree = "<group>";
		};
		60383AD61D50569C006B52CB /* inAppPurchase */ = {
			isa = PBXGroup;
			children = (
				60383ADA1D50569C006B52CB /* AppDelegate.h */,
				60383ADB1D50569C006B52CB /* AppDelegate.m */,
				60383ADD1D50569C006B52CB /* ViewController.h */,
				60383ADE1D50569C006B52CB /* ViewController.m */,
				60383AE01D50569C006B52CB /* Main.storyboard */,
				60383AE31D50569C006B52CB /* Assets.xcassets */,
				60383AE51D50569C006B52CB /* LaunchScreen.storyboard */,
				60383AE81D50569C006B52CB /* Info.plist */,
				60383AD71D50569C006B52CB /* Supporting Files */,
			);
			path = inAppPurchase;
			sourceTree = "<group>";
		};
		60383AD71D50569C006B52CB /* Supporting Files */ = {
			isa = PBXGroup;
			children = (
				60383AD81D50569C006B52CB /* main.m */,
			);
			name = "Supporting Files";
			sourceTree = "<group>";
		};
		60383AF01D50569C006B52CB /* inAppPurchaseTests */ = {
			isa = PBXGroup;
			children = (
				60383AF11D50569C006B52CB /* inAppPurchaseTests.m */,
				60383AF31D50569C006B52CB /* Info.plist */,
			);
			path = inAppPurchaseTests;
			sourceTree = "<group>";
		};
		60383AFB1D50569C006B52CB /* inAppPurchaseUITests */ = {
			isa = PBXGroup;
			children = (
				60383AFC1D50569C006B52CB /* inAppPurchaseUITests.m */,
				60383AFE1D50569C006B52CB /* Info.plist */,
			);
			path = inAppPurchaseUITests;
			sourceTree = "<group>";
		};
/* End PBXGroup section */

/* Begin PBXNativeTarget section */
		60383AD31D50569C006B52CB /* inAppPurchase */ = {
			isa = PBXNativeTarget;
			buildConfigurationList = 60383B011D50569C006B52CB /* Build configuration list for PBXNativeTarget "inAppPurchase" */;
			buildPhases = (
				60383AD01D50569C006B52CB /* Sources */,
				60383AD11D50569C006B52CB /* Frameworks */,
				60383AD21D50569C006B52CB /* Resources */,
			);
			buildRules = (
			);
			dependencies = (
			);
			name = inAppPurchase;
			productName = inAppPurchase;
			productReference = 60383AD41D50569C006B52CB /* inAppPurchase.app */;
			productType = "com.apple.product-type.application";
		};
		60383AEC1D50569C006B52CB /* inAppPurchaseTests */ = {
			isa = PBXNativeTarget;
			buildConfigurationList = 60383B041D50569C006B52CB /* Build configuration list for PBXNativeTarget "inAppPurchaseTests" */;
			buildPhases = (
				60383AE91D50569C006B52CB /* Sources */,
				60383AEA1D50569C006B52CB /* Frameworks */,
				60383AEB1D50569C006B52CB /* Resources */,
			);
			buildRules = (
			);
			dependencies = (
				60383AEF1D50569C006B52CB /* PBXTargetDependency */,
			);
			name = inAppPurchaseTests;
			productName = inAppPurchaseTests;
			productReference = 60383AED1D50569C006B52CB /* inAppPurchaseTests.xctest */;
			productType = "com.apple.product-type.bundle.unit-test";
		};
		60383AF71D50569C006B52CB /* inAppPurchaseUITests */ = {
			isa = PBXNativeTarget;
			buildConfigurationList = 60383B071D50569C006B52CB /* Build configuration list for PBXNativeTarget "inAppPurchaseUITests" */;
			buildPhases = (
				60383AF41D50569C006B52CB /* Sources */,
				60383AF51D50569C006B52CB /* Frameworks */,
				60383AF61D50569C006B52CB /* Resources */,
			);
			buildRules = (
			);
			dependencies = (
				60383AFA1D50569C006B52CB /* PBXTargetDependency */,
			);
			name = inAppPurchaseUITests;
			productName = inAppPurchaseUITests;
			productReference = 60383AF81D50569C006B52CB /* inAppPurchaseUITests.xctest */;
			productType = "com.apple.product-type.bundle.ui-testing";
		};
/* End PBXNativeTarget section */

/* Begin PBXProject section */
		60383ACC1D50569C006B52CB /* Project object */ = {
			isa = PBXProject;
			attributes = {
				LastUpgradeCheck = 0730;
				ORGANIZATIONNAME = LLDM;
				TargetAttributes = {
					60383AD31D50569C006B52CB = {
						CreatedOnToolsVersion = 7.3.1;
					};
					60383AEC1D50569C006B52CB = {
						CreatedOnToolsVersion = 7.3.1;
						TestTargetID = 60383AD31D50569C006B52CB;
					};
					60383AF71D50569C006B52CB = {
						CreatedOnToolsVersion = 7.3.1;
						TestTargetID = 60383AD31D50569C006B52CB;
					};
				};
			};
			buildConfigurationList = 60383ACF1D50569C006B52CB /* Build configuration list for PBXProject "inAppPurchase" */;
			compatibilityVersion = "Xcode 3.2";
			developmentRegion = English;
			hasScannedForEncodings = 0;
			knownRegions = (
				en,
				Base,
			);
			mainGroup = 60383ACB1D50569C006B52CB;
			productRefGroup = 60383AD51D50569C006B52CB /* Products */;
			projectDirPath = "";
			projectRoot = "";
			targets = (
				60383AD31D50569C006B52CB /* inAppPurchase */,
				60383AEC1D50569C006B52CB /* inAppPurchaseTests */,
				60383AF71D50569C006B52CB /* inAppPurchaseUITests */,
			);
		};
/* End PBXProject section */

/* Begin PBXResourcesBuildPhase section */
		60383AD21D50569C006B52CB /* Resources */ = {
			isa = PBXResourcesBuildPhase;
			buildActionMask = 2147483647;
			files = (
				60383AE71D50569C006B52CB /* LaunchScreen.storyboard in Resources */,
				60383AE41D50569C006B52CB /* Assets.xcassets in Resources */,
				60383AE21D50569C006B52CB /* Main.storyboard in Resources */,
			);
			runOnlyForDeploymentPostprocessing = 0;
		};
		60383AEB1D50569C006B52CB /* Resources */ = {
			isa = PBXResourcesBuildPhase;
			buildActionMask = 2147483647;
			files = (
			);
			runOnlyForDeploymentPostprocessing = 0;
		};
		60383AF61D50569C006B52CB /* Resources */ = {
			isa = PBXResourcesBuildPhase;
			buildActionMask = 2147483647;
			files = (
			);
			runOnlyForDeploymentPostprocessing = 0;
		};
/* End PBXResourcesBuildPhase section */

/* Begin PBXSourcesBuildPhase section */
		60383AD01D50569C006B52CB /* Sources */ = {
			isa = PBXSourcesBuildPhase;
			buildActionMask = 2147483647;
			files = (
				60383ADF1D50569C006B52CB /* ViewController.m in Sources */,
				60383ADC1D50569C006B52CB /* AppDelegate.m in Sources */,
				60383AD91D50569C006B52CB /* main.m in Sources */,
			);
			runOnlyForDeploymentPostprocessing = 0;
		};
		60383AE91D50569C006B52CB /* Sources */ = {
			isa = PBXSourcesBuildPhase;
			buildActionMask = 2147483647;
			files = (
				60383AF21D50569C006B52CB /* inAppPurchaseTests.m in Sources */,
			);
			runOnlyForDeploymentPostprocessing = 0;
		};
		60383AF41D50569C006B52CB /* Sources */ = {
			isa = PBXSourcesBuildPhase;
			buildActionMask = 2147483647;
			files = (
				60383AFD1D50569C006B52CB /* inAppPurchaseUITests.m in Sources */,
			);
			runOnlyForDeploymentPostprocessing = 0;
		};
/* End PBXSourcesBuildPhase section */

/* Begin PBXTargetDependency section */
		60383AEF1D50569C006B52CB /* PBXTargetDependency */ = {
			isa = PBXTargetDependency;
			target = 60383AD31D50569C006B52CB /* inAppPurchase */;
			targetProxy = 60383AEE1D50569C006B52CB /* PBXContainerItemProxy */;
		};
		60383AFA1D50569C006B52CB /* PBXTargetDependency */ = {
			isa = PBXTargetDependency;
			target = 60383AD31D50569C006B52CB /* inAppPurchase */;
			targetProxy = 60383AF91D50569C006B52CB /* PBXContainerItemProxy */;
		};
/* End PBXTargetDependency section */

/* Begin PBXVariantGroup section */
		60383AE01D50569C006B52CB /* Main.storyboard */ = {
			isa = PBXVariantGroup;
			children = (
				60383AE11D50569C006B52CB /* Base */,
			);
			name = Main.storyboard;
			sourceTree = "<group>";
		};
		60383AE51D50569C006B52CB /* LaunchScreen.storyboard */ = {
			isa = PBXVariantGroup;
			children = (
				60383AE61D50569C006B52CB /* Base */,
			);
			name = LaunchScreen.storyboard;
			sourceTree = "<group>";
		};
/* End PBXVariantGroup section */

/* Begin XCBuildConfiguration section */
		60383AFF1D50569C006B52CB /* Debug */ = {
			isa = XCBuildConfiguration;
			buildSettings = {
				ALWAYS_SEARCH_USER_PATHS = NO;
				CLANG_ANALYZER_NONNULL = YES;
				CLANG_CXX_LANGUAGE_STANDARD = "gnu++0x";
				CLANG_CXX_LIBRARY = "libc++";
				CLANG_ENABLE_MODULES = YES;
				CLANG_ENABLE_OBJC_ARC = YES;
				CLANG_WARN_BOOL_CONVERSION = YES;
				CLANG_WARN_CONSTANT_CONVERSION = YES;
				CLANG_WARN_DIRECT_OBJC_ISA_USAGE = YES_ERROR;
				CLANG_WARN_EMPTY_BODY = YES;
				CLANG_WARN_ENUM_CONVERSION = YES;
				CLANG_WARN_INT_CONVERSION = YES;
				CLANG_WARN_OBJC_ROOT_CLASS = YES_ERROR;
				CLANG_WARN_UNREACHABLE_CODE = YES;
				CLANG_WARN__DUPLICATE_METHOD_MATCH = YES;
				"CODE_SIGN_IDENTITY[sdk=iphoneos*]" = "iPhone Developer";
				COPY_PHASE_STRIP = NO;
				DEBUG_INFORMATION_FORMAT = dwarf;
				ENABLE_STRICT_OBJC_MSGSEND = YES;
				ENABLE_TESTABILITY = YES;
				GCC_C_LANGUAGE_STANDARD = gnu99;
				GCC_DYNAMIC_NO_PIC = NO;
				GCC_NO_COMMON_BLOCKS = YES;
				GCC_OPTIMIZATION_LEVEL = 0;
				GCC_PREPROCESSOR_DEFINITIONS = (
					"DEBUG=1",
					"$(inherited)",
				);
				GCC_WARN_64_TO_32_BIT_CONVERSION = YES;
				GCC_WARN_ABOUT_RETURN_TYPE = YES_ERROR;
				GCC_WARN_UNDECLARED_SELECTOR = YES;
				GCC_WARN_UNINITIALIZED_AUTOS = YES_AGGRESSIVE;
				GCC_WARN_UNUSED_FUNCTION = YES;
				GCC_WARN_UNUSED_VARIABLE = YES;
				IPHONEOS_DEPLOYMENT_TARGET = 9.3;
				MTL_ENABLE_DEBUG_INFO = YES;
				ONLY_ACTIVE_ARCH = YES;
				SDKROOT = iphoneos;
				TARGETED_DEVICE_FAMILY = "1,2";
			};
			name = Debug;
		};
		60383B001D50569C006B52CB /* Release */ = {
			isa = XCBuildConfiguration;
			buildSettings = {
				ALWAYS_SEARCH_USER_PATHS = NO;
				CLANG_ANALYZER_NONNULL = YES;
				CLANG_CXX_LANGUAGE_STANDARD = "gnu++0x";
				CLANG_CXX_LIBRARY = "libc++";
				CLANG_ENABLE_MODULES = YES;
				CLANG_ENABLE_OBJC_ARC = YES;
				CLANG_WARN_BOOL_CONVERSION = YES;
				CLANG_WARN_CONSTANT_CONVERSION = YES;
				CLANG_WARN_DIRECT_OBJC_ISA_USAGE = YES_ERROR;
				CLANG_WARN_EMPTY_BODY = YES;
				CLANG_WARN_ENUM_CONVERSION = YES;
				CLANG_WARN_INT_CONVERSION = YES;
				CLANG_WARN_OBJC_ROOT_CLASS = YES_ERROR;
				CLANG_WARN_UNREACHABLE_CODE = YES;
				CLANG_WARN__DUPLICATE_METHOD_MATCH = YES;
				"CODE_SIGN_IDENTITY[sdk=iphoneos*]" = "iPhone Developer";
				COPY_PHASE_STRIP = NO;
				DEBUG_INFORMATION_FORMAT = "dwarf-with-dsym";
				ENABLE_NS_ASSERTIONS = NO;
				ENABLE_STRICT_OBJC_MSGSEND = YES;
				GCC_C_LANGUAGE_STANDARD = gnu99;
				GCC_NO_COMMON_BLOCKS = YES;
				GCC_WARN_64_TO_32_BIT_CONVERSION = YES;
				GCC_WARN_ABOUT_RETURN_TYPE = YES_ERROR;
				GCC_WARN_UNDECLARED_SELECTOR = YES;
				GCC_WARN_UNINITIALIZED_AUTOS = YES_AGGRESSIVE;
				GCC_WARN_UNUSED_FUNCTION = YES;
				GCC_WARN_UNUSED_VARIABLE = YES;
				IPHONEOS_DEPLOYMENT_TARGET = 9.3;
				MTL_ENABLE_DEBUG_INFO = NO;
				SDKROOT = iphoneos;
				TARGETED_DEVICE_FAMILY = "1,2";
				VALIDATE_PRODUCT = YES;
			};
			name = Release;
		};
		60383B021D50569C006B52CB /* Debug */ = {
			isa = XCBuildConfiguration;
			buildSettings = {
				ASSETCATALOG_COMPILER_APPICON_NAME = AppIcon;
				INFOPLIST_FILE = inAppPurchase/Info.plist;
				IPHONEOS_DEPLOYMENT_TARGET = 6.0;
				LD_RUNPATH_SEARCH_PATHS = "$(inherited) @executable_path/Frameworks";
				PRODUCT_BUNDLE_IDENTIFIER = com.launchlabs.inAppPurchase;
				PRODUCT_NAME = "$(TARGET_NAME)";
			};
			name = Debug;
		};
		60383B031D50569C006B52CB /* Release */ = {
			isa = XCBuildConfiguration;
			buildSettings = {
				ASSETCATALOG_COMPILER_APPICON_NAME = AppIcon;
				INFOPLIST_FILE = inAppPurchase/Info.plist;
				IPHONEOS_DEPLOYMENT_TARGET = 6.0;
				LD_RUNPATH_SEARCH_PATHS = "$(inherited) @executable_path/Frameworks";
				PRODUCT_BUNDLE_IDENTIFIER = com.launchlabs.inAppPurchase;
				PRODUCT_NAME = "$(TARGET_NAME)";
			};
			name = Release;
		};
		60383B051D50569C006B52CB /* Debug */ = {
			isa = XCBuildConfiguration;
			buildSettings = {
				BUNDLE_LOADER = "$(TEST_HOST)";
				INFOPLIST_FILE = inAppPurchaseTests/Info.plist;
				LD_RUNPATH_SEARCH_PATHS = "$(inherited) @executable_path/Frameworks @loader_path/Frameworks";
				PRODUCT_BUNDLE_IDENTIFIER = com.launchlabs.inAppPurchaseTests;
				PRODUCT_NAME = "$(TARGET_NAME)";
				TEST_HOST = "$(BUILT_PRODUCTS_DIR)/inAppPurchase.app/inAppPurchase";
			};
			name = Debug;
		};
		60383B061D50569C006B52CB /* Release */ = {
			isa = XCBuildConfiguration;
			buildSettings = {
				BUNDLE_LOADER = "$(TEST_HOST)";
				INFOPLIST_FILE = inAppPurchaseTests/Info.plist;
				LD_RUNPATH_SEARCH_PATHS = "$(inherited) @executable_path/Frameworks @loader_path/Frameworks";
				PRODUCT_BUNDLE_IDENTIFIER = com.launchlabs.inAppPurchaseTests;
				PRODUCT_NAME = "$(TARGET_NAME)";
				TEST_HOST = "$(BUILT_PRODUCTS_DIR)/inAppPurchase.app/inAppPurchase";
			};
			name = Release;
		};
		60383B081D50569C006B52CB /* Debug */ = {
			isa = XCBuildConfiguration;
			buildSettings = {
				INFOPLIST_FILE = inAppPurchaseUITests/Info.plist;
				LD_RUNPATH_SEARCH_PATHS = "$(inherited) @executable_path/Frameworks @loader_path/Frameworks";
				PRODUCT_BUNDLE_IDENTIFIER = com.launchlabs.inAppPurchaseUITests;
				PRODUCT_NAME = "$(TARGET_NAME)";
				TEST_TARGET_NAME = inAppPurchase;
			};
			name = Debug;
		};
		60383B091D50569C006B52CB /* Release */ = {
			isa = XCBuildConfiguration;
			buildSettings = {
				INFOPLIST_FILE = inAppPurchaseUITests/Info.plist;
				LD_RUNPATH_SEARCH_PATHS = "$(inherited) @executable_path/Frameworks @loader_path/Frameworks";
				PRODUCT_BUNDLE_IDENTIFIER = com.launchlabs.inAppPurchaseUITests;
				PRODUCT_NAME = "$(TARGET_NAME)";
				TEST_TARGET_NAME = inAppPurchase;
			};
			name = Release;
		};
/* End XCBuildConfiguration section */

/* Begin XCConfigurationList section */
		60383ACF1D50569C006B52CB /* Build configuration list for PBXProject "inAppPurchase" */ = {
			isa = XCConfigurationList;
			buildConfigurations = (
				60383AFF1D50569C006B52CB /* Debug */,
				60383B001D50569C006B52CB /* Release */,
			);
			defaultConfigurationIsVisible = 0;
			defaultConfigurationName = Release;
		};
		60383B011D50569C006B52CB /* Build configuration list for PBXNativeTarget "inAppPurchase" */ = {
			isa = XCConfigurationList;
			buildConfigurations = (
				60383B021D50569C006B52CB /* Debug */,
				60383B031D50569C006B52CB /* Release */,
			);
			defaultConfigurationIsVisible = 0;
		};
		60383B041D50569C006B52CB /* Build configuration list for PBXNativeTarget "inAppPurchaseTests" */ = {
			isa = XCConfigurationList;
			buildConfigurations = (
				60383B051D50569C006B52CB /* Debug */,
				60383B061D50569C006B52CB /* Release */,
			);
			defaultConfigurationIsVisible = 0;
		};
		60383B071D50569C006B52CB /* Build configuration list for PBXNativeTarget "inAppPurchaseUITests" */ = {
			isa = XCConfigurationList;
			buildConfigurations = (
				60383B081D50569C006B52CB /* Debug */,
				60383B091D50569C006B52CB /* Release */,
			);
			defaultConfigurationIsVisible = 0;
		};
/* End XCConfigurationList section */
	};
	rootObject = 60383ACC1D50569C006B52CB /* Project object */;
}
